// !$*UTF8*$!
{
	archiveVersion = 1;
	classes = {
	};
	objectVersion = 46;
	objects = {

/* Begin PBXBuildFile section */
		AC287D381E0A556D00EAB1B6 /* AppDelegate.swift in Sources */ = {isa = PBXBuildFile; fileRef = AC287D371E0A556D00EAB1B6 /* AppDelegate.swift */; };
		AC287D3A1E0A556D00EAB1B6 /* ViewController.swift in Sources */ = {isa = PBXBuildFile; fileRef = AC287D391E0A556D00EAB1B6 /* ViewController.swift */; };
		AC287D3D1E0A556D00EAB1B6 /* Main.storyboard in Resources */ = {isa = PBXBuildFile; fileRef = AC287D3B1E0A556D00EAB1B6 /* Main.storyboard */; };
		AC287D3F1E0A556D00EAB1B6 /* Assets.xcassets in Resources */ = {isa = PBXBuildFile; fileRef = AC287D3E1E0A556D00EAB1B6 /* Assets.xcassets */; };
		AC287D421E0A556D00EAB1B6 /* LaunchScreen.storyboard in Resources */ = {isa = PBXBuildFile; fileRef = AC287D401E0A556D00EAB1B6 /* LaunchScreen.storyboard */; };
/* End PBXBuildFile section */

/* Begin PBXFileReference section */
		AC287D341E0A556D00EAB1B6 /* YHRefreshTableViewSwift.app */ = {isa = PBXFileReference; explicitFileType = wrapper.application; includeInIndex = 0; path = YHRefreshTableViewSwift.app; sourceTree = BUILT_PRODUCTS_DIR; };
		AC287D371E0A556D00EAB1B6 /* AppDelegate.swift */ = {isa = PBXFileReference; lastKnownFileType = sourcecode.swift; path = AppDelegate.swift; sourceTree = "<group>"; };
		AC287D391E0A556D00EAB1B6 /* ViewController.swift */ = {isa = PBXFileReference; lastKnownFileType = sourcecode.swift; path = ViewController.swift; sourceTree = "<group>"; };
		AC287D3C1E0A556D00EAB1B6 /* Base */ = {isa = PBXFileReference; lastKnownFileType = file.storyboard; name = Base; path = Base.lproj/Main.storyboard; sourceTree = "<group>"; };
		AC287D3E1E0A556D00EAB1B6 /* Assets.xcassets */ = {isa = PBXFileReference; lastKnownFileType = folder.assetcatalog; path = Assets.xcassets; sourceTree = "<group>"; };
		AC287D411E0A556D00EAB1B6 /* Base */ = {isa = PBXFileReference; lastKnownFileType = file.storyboard; name = Base; path = Base.lproj/LaunchScreen.storyboard; sourceTree = "<group>"; };
		AC287D431E0A556D00EAB1B6 /* Info.plist */ = {isa = PBXFileReference; lastKnownFileType = text.plist.xml; path = Info.plist; sourceTree = "<group>"; };
/* End PBXFileReference section */

/* Begin PBXFrameworksBuildPhase section */
		AC287D311E0A556C00EAB1B6 /* Frameworks */ = {
			isa = PBXFrameworksBuildPhase;
			buildActionMask = 2147483647;
			files = (
			);
			runOnlyForDeploymentPostprocessing = 0;
		};
/* End PBXFrameworksBuildPhase section */

/* Begin PBXGroup section */
		AC287D2B1E0A556C00EAB1B6 = {
			isa = PBXGroup;
			children = (
				AC287D361E0A556D00EAB1B6 /* YHRefreshTableViewSwift */,
				AC287D351E0A556D00EAB1B6 /* Products */,
			);
			sourceTree = "<group>";
		};
		AC287D351E0A556D00EAB1B6 /* Products */ = {
			isa = PBXGroup;
			children = (
				AC287D341E0A556D00EAB1B6 /* YHRefreshTableViewSwift.app */,
			);
			name = Products;
			sourceTree = "<group>";
		};
		AC287D361E0A556D00EAB1B6 /* YHRefreshTableViewSwift */ = {
			isa = PBXGroup;
			children = (
				AC287D371E0A556D00EAB1B6 /* AppDelegate.swift */,
				AC287D391E0A556D00EAB1B6 /* ViewController.swift */,
				AC287D3B1E0A556D00EAB1B6 /* Main.storyboard */,
				AC287D3E1E0A556D00EAB1B6 /* Assets.xcassets */,
				AC287D401E0A556D00EAB1B6 /* LaunchScreen.storyboard */,
				AC287D431E0A556D00EAB1B6 /* Info.plist */,
			);
			path = YHRefreshTableViewSwift;
			sourceTree = "<group>";
		};
/* End PBXGroup section */

/* Begin PBXNativeTarget section */
		AC287D331E0A556C00EAB1B6 /* YHRefreshTableViewSwift */ = {
			isa = PBXNativeTarget;
			buildConfigurationList = AC287D461E0A556D00EAB1B6 /* Build configuration list for PBXNativeTarget "YHRefreshTableViewSwift" */;
			buildPhases = (
				AC287D301E0A556C00EAB1B6 /* Sources */,
				AC287D311E0A556C00EAB1B6 /* Frameworks */,
				AC287D321E0A556C00EAB1B6 /* Resources */,
			);
			buildRules = (
			);
			dependencies = (
			);
			name = YHRefreshTableViewSwift;
			productName = YHRefreshTableViewSwift;
			productReference = AC287D341E0A556D00EAB1B6 /* YHRefreshTableViewSwift.app */;
			productType = "com.apple.product-type.application";
		};
/* End PBXNativeTarget section */

/* Begin PBXProject section */
		AC287D2C1E0A556C00EAB1B6 /* Project object */ = {
			isa = PBXProject;
			attributes = {
				LastSwiftUpdateCheck = 0810;
				LastUpgradeCheck = 0810;
				ORGANIZATIONNAME = YHSoft;
				TargetAttributes = {
					AC287D331E0A556C00EAB1B6 = {
						CreatedOnToolsVersion = 8.1;
						ProvisioningStyle = Automatic;
					};
				};
			};
			buildConfigurationList = AC287D2F1E0A556C00EAB1B6 /* Build configuration list for PBXProject "YHRefreshTableViewSwift" */;
			compatibilityVersion = "Xcode 3.2";
			developmentRegion = English;
			hasScannedForEncodings = 0;
			knownRegions = (
				en,
				Base,
			);
			mainGroup = AC287D2B1E0A556C00EAB1B6;
			productRefGroup = AC287D351E0A556D00EAB1B6 /* Products */;
			projectDirPath = "";
			projectRoot = "";
			targets = (
				AC287D331E0A556C00EAB1B6 /* YHRefreshTableViewSwift */,
			);
		};
/* End PBXProject section */

/* Begin PBXResourcesBuildPhase section */
		AC287D321E0A556C00EAB1B6 /* Resources */ = {
			isa = PBXResourcesBuildPhase;
			buildActionMask = 2147483647;
			files = (
				AC287D421E0A556D00EAB1B6 /* LaunchScreen.storyboard in Resources */,
				AC287D3F1E0A556D00EAB1B6 /* Assets.xcassets in Resources */,
				AC287D3D1E0A556D00EAB1B6 /* Main.storyboard in Resources */,
			);
			runOnlyForDeploymentPostprocessing = 0;
		};
/* End PBXResourcesBuildPhase section */

/* Begin PBXSourcesBuildPhase section */
		AC287D301E0A556C00EAB1B6 /* Sources */ = {
			isa = PBXSourcesBuildPhase;
			buildActionMask = 2147483647;
			files = (
				AC287D3A1E0A556D00EAB1B6 /* ViewController.swift in Sources */,
				AC287D381E0A556D00EAB1B6 /* AppDelegate.swift in Sources */,
			);
			runOnlyForDeploymentPostprocessing = 0;
		};
/* End PBXSourcesBuildPhase section */

/* Begin PBXVariantGroup section */
		AC287D3B1E0A556D00EAB1B6 /* Main.storyboard */ = {
			isa = PBXVariantGroup;
			children = (
				AC287D3C1E0A556D00EAB1B6 /* Base */,
			);
			name = Main.storyboard;
			sourceTree = "<group>";
		};
		AC287D401E0A556D00EAB1B6 /* LaunchScreen.storyboard */ = {
			isa = PBXVariantGroup;
			children = (
				AC287D411E0A556D00EAB1B6 /* Base */,
			);
			name = LaunchScreen.storyboard;
			sourceTree = "<group>";
		};
/* End PBXVariantGroup section */

/* Begin XCBuildConfiguration section */
		AC287D441E0A556D00EAB1B6 /* Debug */ = {
			isa = XCBuildConfiguration;
			buildSettings = {
				ALWAYS_SEARCH_USER_PATHS = NO;
				CLANG_ANALYZER_NONNULL = YES;
				CLANG_CXX_LANGUAGE_STANDARD = "gnu++0x";
				CLANG_CXX_LIBRARY = "libc++";
				CLANG_ENABLE_MODULES = YES;
				CLANG_ENABLE_OBJC_ARC = YES;
				CLANG_WARN_BOOL_CONVERSION = YES;
				CLANG_WARN_CONSTANT_CONVERSION = YES;
				CLANG_WARN_DIRECT_OBJC_ISA_USAGE = YES_ERROR;
				CLANG_WARN_DOCUMENTATION_COMMENTS = YES;
				CLANG_WARN_EMPTY_BODY = YES;
				CLANG_WARN_ENUM_CONVERSION = YES;
				CLANG_WARN_INFINITE_RECURSION = YES;
				CLANG_WARN_INT_CONVERSION = YES;
				CLANG_WARN_OBJC_ROOT_CLASS = YES_ERROR;
				CLANG_WARN_SUSPICIOUS_MOVES = YES;
				CLANG_WARN_UNREACHABLE_CODE = YES;
				CLANG_WARN__DUPLICATE_METHOD_MATCH = YES;
				"CODE_SIGN_IDENTITY[sdk=iphoneos*]" = "iPhone Developer";
				COPY_PHASE_STRIP = NO;
				DEBUG_INFORMATION_FORMAT = dwarf;
				ENABLE_STRICT_OBJC_MSGSEND = YES;
				ENABLE_TESTABILITY = YES;
				GCC_C_LANGUAGE_STANDARD = gnu99;
				GCC_DYNAMIC_NO_PIC = NO;
				GCC_NO_COMMON_BLOCKS = YES;
				GCC_OPTIMIZATION_LEVEL = 0;
				GCC_PREPROCESSOR_DEFINITIONS = (
					"DEBUG=1",
					"$(inherited)",
				);
				GCC_WARN_64_TO_32_BIT_CONVERSION = YES;
				GCC_WARN_ABOUT_RETURN_TYPE = YES_ERROR;
				GCC_WARN_UNDECLARED_SELECTOR = YES;
				GCC_WARN_UNINITIALIZED_AUTOS = YES_AGGRESSIVE;
				GCC_WARN_UNUSED_FUNCTION = YES;
				GCC_WARN_UNUSED_VARIABLE = YES;
				IPHONEOS_DEPLOYMENT_TARGET = 10.1;
				MTL_ENABLE_DEBUG_INFO = YES;
				ONLY_ACTIVE_ARCH = YES;
				SDKROOT = iphoneos;
				SWIFT_ACTIVE_COMPILATION_CONDITIONS = DEBUG;
				SWIFT_OPTIMIZATION_LEVEL = "-Onone";
				TARGETED_DEVICE_FAMILY = "1,2";
			};
			name = Debug;
		};
		AC287D451E0A556D00EAB1B6 /* Release */ = {
			isa = XCBuildConfiguration;
			buildSettings = {
				ALWAYS_SEARCH_USER_PATHS = NO;
				CLANG_ANALYZER_NONNULL = YES;
				CLANG_CXX_LANGUAGE_STANDARD = "gnu++0x";
				CLANG_CXX_LIBRARY = "libc++";
				CLANG_ENABLE_MODULES = YES;
				CLANG_ENABLE_OBJC_ARC = YES;
				CLANG_WARN_BOOL_CONVERSION = YES;
				CLANG_WARN_CONSTANT_CONVERSION = YES;
				CLANG_WARN_DIRECT_OBJC_ISA_USAGE = YES_ERROR;
				CLANG_WARN_DOCUMENTATION_COMMENTS = YES;
				CLANG_WARN_EMPTY_BODY = YES;
				CLANG_WARN_ENUM_CONVERSION = YES;
				CLANG_WARN_INFINITE_RECURSION = YES;
				CLANG_WARN_INT_CONVERSION = YES;
				CLANG_WARN_OBJC_ROOT_CLASS = YES_ERROR;
				CLANG_WARN_SUSPICIOUS_MOVES = YES;
				CLANG_WARN_UNREACHABLE_CODE = YES;
				CLANG_WARN__DUPLICATE_METHOD_MATCH = YES;
				"CODE_SIGN_IDENTITY[sdk=iphoneos*]" = "iPhone Developer";
				COPY_PHASE_STRIP = NO;
				DEBUG_INFORMATION_FORMAT = "dwarf-with-dsym";
				ENABLE_NS_ASSERTIONS = NO;
				ENABLE_STRICT_OBJC_MSGSEND = YES;
				GCC_C_LANGUAGE_STANDARD = gnu99;
				GCC_NO_COMMON_BLOCKS = YES;
				GCC_WARN_64_TO_32_BIT_CONVERSION = YES;
				GCC_WARN_ABOUT_RETURN_TYPE = YES_ERROR;
				GCC_WARN_UNDECLARED_SELECTOR = YES;
				GCC_WARN_UNINITIALIZED_AUTOS = YES_AGGRESSIVE;
				GCC_WARN_UNUSED_FUNCTION = YES;
				GCC_WARN_UNUSED_VARIABLE = YES;
				IPHONEOS_DEPLOYMENT_TARGET = 10.1;
				MTL_ENABLE_DEBUG_INFO = NO;
				SDKROOT = iphoneos;
				SWIFT_OPTIMIZATION_LEVEL = "-Owholemodule";
				TARGETED_DEVICE_FAMILY = "1,2";
				VALIDATE_PRODUCT = YES;
			};
			name = Release;
		};
		AC287D471E0A556D00EAB1B6 /* Debug */ = {
			isa = XCBuildConfiguration;
			buildSettings = {
				ASSETCATALOG_COMPILER_APPICON_NAME = AppIcon;
				INFOPLIST_FILE = YHRefreshTableViewSwift/Info.plist;
				LD_RUNPATH_SEARCH_PATHS = "$(inherited) @executable_path/Frameworks";
				PRODUCT_BUNDLE_IDENTIFIER = HKP.YHRefreshTableViewSwift;
				PRODUCT_NAME = "$(TARGET_NAME)";
				SWIFT_VERSION = 3.0;
			};
			name = Debug;
		};
		AC287D481E0A556D00EAB1B6 /* Release */ = {
			isa = XCBuildConfiguration;
			buildSettings = {
				ASSETCATALOG_COMPILER_APPICON_NAME = AppIcon;
				INFOPLIST_FILE = YHRefreshTableViewSwift/Info.plist;
				LD_RUNPATH_SEARCH_PATHS = "$(inherited) @executable_path/Frameworks";
				PRODUCT_BUNDLE_IDENTIFIER = HKP.YHRefreshTableViewSwift;
				PRODUCT_NAME = "$(TARGET_NAME)";
				SWIFT_VERSION = 3.0;
			};
			name = Release;
		};
/* End XCBuildConfiguration section */

/* Begin XCConfigurationList section */
		AC287D2F1E0A556C00EAB1B6 /* Build configuration list for PBXProject "YHRefreshTableViewSwift" */ = {
			isa = XCConfigurationList;
			buildConfigurations = (
				AC287D441E0A556D00EAB1B6 /* Debug */,
				AC287D451E0A556D00EAB1B6 /* Release */,
			);
			defaultConfigurationIsVisible = 0;
			defaultConfigurationName = Release;
		};
		AC287D461E0A556D00EAB1B6 /* Build configuration list for PBXNativeTarget "YHRefreshTableViewSwift" */ = {
			isa = XCConfigurationList;
			buildConfigurations = (
				AC287D471E0A556D00EAB1B6 /* Debug */,
				AC287D481E0A556D00EAB1B6 /* Release */,
			);
			defaultConfigurationIsVisible = 0;
		};
/* End XCConfigurationList section */
	};
	rootObject = AC287D2C1E0A556C00EAB1B6 /* Project object */;
}
